dependencies:
  espressif/cjson:
    component_hash: e788323270d90738662d66fffa910bfe1fba019bba087f01557e70c40485b469
    dependencies:
    - name: idf
      require: private
      version: '>=5.0'
    source:
      registry_url: https://components.espressif.com/
      type: service
    version: 1.7.19~2
  espressif/mqtt:
    component_hash: ffdad5659706b4dc14bc63f8eb73ef765efa015bf7e9adf71c813d52a2dc9342
    dependencies:
    - name: idf
      require: private
      version: '>=5.3'
    source:
      registry_url: https://components.espressif.com/
      type: service
    version: 1.0.0
  idf:
    source:
      type: idf
    version: 6.0.0
  k0i05/esp_as7341:
    component_hash: 4926fd57454970426a87519f7ce54c880ffd9ed54a1f6edb17d33187fdd02505
    dependencies:
    - name: idf
      require: private
      version: '>5.3.0'
    - name: k0i05/esp_type_utils
      registry_url: https://components.espressif.com
      require: private
      version: '>=0.0.1'
    source:
      registry_url: https://components.espressif.com/
      type: service
    version: 1.2.7
  k0i05/esp_type_utils:
    component_hash: 95d8ec40268e045f7e264d8035f451e53844b4a2f6d5f112ece6645c5effd639
    dependencies:
    - name: idf
      require: private
      version: '>5.3.0'
    source:
      registry_url: https://components.espressif.com
      type: service
    version: 1.2.7
direct_dependencies:
- espressif/cjson
- espressif/mqtt
- idf
- k0i05/esp_as7341
manifest_hash: 41590a002c7f89573176eaac75ea878837ce2a82b4cb841c6041be445681b001
target: esp32s3
version: 3.0.0
